
Microsoft Visual Studio Solution File, Format Version 12.00
# Visual Studio Version 17
VisualStudioVersion = 17.12.35527.113 d17.12
MinimumVisualStudioVersion = 10.0.40219.1
Project("{FAE04EC0-301F-11D3-BF4B-00C04F79EFBC}") = "BankProject", "BankProject\BankProject.csproj", "{7FDF76C1-D5A6-4D32-9454-5DFF94E3CF8B}"
EndProject
Project("{FAE04EC0-301F-11D3-BF4B-00C04F79EFBC}") = "Expenses App.Application", "Expenses App.Application\Expenses App.Application.csproj", "{565A4C81-F57D-4869-990F-D06FE8ABCDB2}"
EndProject
Project("{FAE04EC0-301F-11D3-BF4B-00C04F79EFBC}") = "Expenses App .Core", "Expenses App .Core\Expenses App .Core.csproj", "{E08F639B-C69B-4556-8AFA-9B371502EE2B}"
EndProject
Project("{FAE04EC0-301F-11D3-BF4B-00C04F79EFBC}") = "Expenses App.infastructure", "Expenses App.infastructure\Expenses App.infastructure.csproj", "{C457CA7D-AAEF-4533-A7C5-C9D12946C29B}"
EndProject
Project("{FAE04EC0-301F-11D3-BF4B-00C04F79EFBC}") = "Expenses App.Tests", "Expenses App.Tests\Expenses App.Tests.csproj", "{DEDD4E78-E01B-4F99-A1EE-09C6FB366911}"
EndProject
Global
	GlobalSection(SolutionConfigurationPlatforms) = preSolution
		Debug|Any CPU = Debug|Any CPU
		Release|Any CPU = Release|Any CPU
	EndGlobalSection
	GlobalSection(ProjectConfigurationPlatforms) = postSolution
		{7FDF76C1-D5A6-4D32-9454-5DFF94E3CF8B}.Debug|Any CPU.ActiveCfg = Debug|Any CPU
		{7FDF76C1-D5A6-4D32-9454-5DFF94E3CF8B}.Debug|Any CPU.Build.0 = Debug|Any CPU
		{7FDF76C1-D5A6-4D32-9454-5DFF94E3CF8B}.Release|Any CPU.ActiveCfg = Release|Any CPU
		{7FDF76C1-D5A6-4D32-9454-5DFF94E3CF8B}.Release|Any CPU.Build.0 = Release|Any CPU
		{565A4C81-F57D-4869-990F-D06FE8ABCDB2}.Debug|Any CPU.ActiveCfg = Debug|Any CPU
		{565A4C81-F57D-4869-990F-D06FE8ABCDB2}.Debug|Any CPU.Build.0 = Debug|Any CPU
		{565A4C81-F57D-4869-990F-D06FE8ABCDB2}.Release|Any CPU.ActiveCfg = Release|Any CPU
		{565A4C81-F57D-4869-990F-D06FE8ABCDB2}.Release|Any CPU.Build.0 = Release|Any CPU
		{E08F639B-C69B-4556-8AFA-9B371502EE2B}.Debug|Any CPU.ActiveCfg = Debug|Any CPU
		{E08F639B-C69B-4556-8AFA-9B371502EE2B}.Debug|Any CPU.Build.0 = Debug|Any CPU
		{E08F639B-C69B-4556-8AFA-9B371502EE2B}.Release|Any CPU.ActiveCfg = Release|Any CPU
		{E08F639B-C69B-4556-8AFA-9B371502EE2B}.Release|Any CPU.Build.0 = Release|Any CPU
		{C457CA7D-AAEF-4533-A7C5-C9D12946C29B}.Debug|Any CPU.ActiveCfg = Debug|Any CPU
		{C457CA7D-AAEF-4533-A7C5-C9D12946C29B}.Debug|Any CPU.Build.0 = Debug|Any CPU
		{C457CA7D-AAEF-4533-A7C5-C9D12946C29B}.Release|Any CPU.ActiveCfg = Release|Any CPU
		{C457CA7D-AAEF-4533-A7C5-C9D12946C29B}.Release|Any CPU.Build.0 = Release|Any CPU
		{DEDD4E78-E01B-4F99-A1EE-09C6FB366911}.Debug|Any CPU.ActiveCfg = Debug|Any CPU
		{DEDD4E78-E01B-4F99-A1EE-09C6FB366911}.Debug|Any CPU.Build.0 = Debug|Any CPU
		{DEDD4E78-E01B-4F99-A1EE-09C6FB366911}.Release|Any CPU.ActiveCfg = Release|Any CPU
		{DEDD4E78-E01B-4F99-A1EE-09C6FB366911}.Release|Any CPU.Build.0 = Release|Any CPU
	EndGlobalSection
	GlobalSection(SolutionProperties) = preSolution
		HideSolutionNode = FALSE
	EndGlobalSection
EndGlobal
